
Microsoft Visual Studio Solution File, Format Version 12.00
# Visual Studio 15
VisualStudioVersion = 15.0.34031.82
MinimumVisualStudioVersion = 10.0.40219.1
Project("{9A19103F-16F7-4668-BE54-9A1E7A4F7556}") = "mvc_dot_net", "mvc_dot_net.csproj", "{95F363A0-8976-4F6F-89A4-BE0FA271D14C}"
EndProject
Global
	GlobalSection(SolutionConfigurationPlatforms) = preSolution
		Debug|Any CPU = Debug|Any CPU
		Release|Any CPU = Release|Any CPU
	EndGlobalSection
	GlobalSection(ProjectConfigurationPlatforms) = postSolution
		{95F363A0-8976-4F6F-89A4-BE0FA271D14C}.Debug|Any CPU.ActiveCfg = Debug|Any CPU
		{95F363A0-8976-4F6F-89A4-BE0FA271D14C}.Debug|Any CPU.Build.0 = Debug|Any CPU
		{95F363A0-8976-4F6F-89A4-BE0FA271D14C}.Release|Any CPU.ActiveCfg = Release|Any CPU
		{95F363A0-8976-4F6F-89A4-BE0FA271D14C}.Release|Any CPU.Build.0 = Release|Any CPU
	EndGlobalSection
	GlobalSection(SolutionProperties) = preSolution
		HideSolutionNode = FALSE
	EndGlobalSection
	GlobalSection(ExtensibilityGlobals) = postSolution
		SolutionGuid = {420EA412-CCE9-4D9D-83FE-DD26A69DB321}
	EndGlobalSection
EndGlobal
